
Microsoft Visual Studio Solution File, Format Version 12.00
# Visual Studio Version 17
VisualStudioVersion = 17.13.35913.81 d17.13
MinimumVisualStudioVersion = 10.0.40219.1
Project("{FAE04EC0-301F-11D3-BF4B-00C04F79EFBC}") = "StudentManagement", "StudentManagement\StudentManagement.csproj", "{08DE48C1-28EA-4F83-96C3-42BED4043E91}"
EndProject
Global
	GlobalSection(SolutionConfigurationPlatforms) = preSolution
		Debug|Any CPU = Debug|Any CPU
		Release|Any CPU = Release|Any CPU
	EndGlobalSection
	GlobalSection(ProjectConfigurationPlatforms) = postSolution
		{08DE48C1-28EA-4F83-96C3-42BED4043E91}.Debug|Any CPU.ActiveCfg = Debug|Any CPU
		{08DE48C1-28EA-4F83-96C3-42BED4043E91}.Debug|Any CPU.Build.0 = Debug|Any CPU
		{08DE48C1-28EA-4F83-96C3-42BED4043E91}.Release|Any CPU.ActiveCfg = Release|Any CPU
		{08DE48C1-28EA-4F83-96C3-42BED4043E91}.Release|Any CPU.Build.0 = Release|Any CPU
	EndGlobalSection
	GlobalSection(SolutionProperties) = preSolution
		HideSolutionNode = FALSE
	EndGlobalSection
	GlobalSection(ExtensibilityGlobals) = postSolution
		SolutionGuid = {5971BEDA-C826-4FA4-8697-E9C47E15E6EF}
	EndGlobalSection
EndGlobal
